
Microsoft Visual Studio Solution File, Format Version 12.00
# Visual Studio 15
VisualStudioVersion = 15.0.26730.16
MinimumVisualStudioVersion = 10.0.40219.1
Project("{FAE04EC0-301F-11D3-BF4B-00C04F79EFBC}") = "Ugibanje1", "Ugibanje1\Ugibanje1.csproj", "{F6146FF8-3FC5-4CAC-9CC5-733412EDDE0F}"
EndProject
Global
	GlobalSection(SolutionConfigurationPlatforms) = preSolution
		Debug|Any CPU = Debug|Any CPU
		Release|Any CPU = Release|Any CPU
	EndGlobalSection
	GlobalSection(ProjectConfigurationPlatforms) = postSolution
		{F6146FF8-3FC5-4CAC-9CC5-733412EDDE0F}.Debug|Any CPU.ActiveCfg = Debug|Any CPU
		{F6146FF8-3FC5-4CAC-9CC5-733412EDDE0F}.Debug|Any CPU.Build.0 = Debug|Any CPU
		{F6146FF8-3FC5-4CAC-9CC5-733412EDDE0F}.Release|Any CPU.ActiveCfg = Release|Any CPU
		{F6146FF8-3FC5-4CAC-9CC5-733412EDDE0F}.Release|Any CPU.Build.0 = Release|Any CPU
	EndGlobalSection
	GlobalSection(SolutionProperties) = preSolution
		HideSolutionNode = FALSE
	EndGlobalSection
	GlobalSection(ExtensibilityGlobals) = postSolution
		SolutionGuid = {054ABC45-B79B-4E5D-B93A-08115D305D0A}
	EndGlobalSection
EndGlobal
