
Microsoft Visual Studio Solution File, Format Version 12.00
# Visual Studio 15
VisualStudioVersion = 15.0.26730.16
MinimumVisualStudioVersion = 10.0.40219.1
Project("{FAE04EC0-301F-11D3-BF4B-00C04F79EFBC}") = "Seznam", "Seznam\Seznam.csproj", "{2D86CF5C-FF46-4402-9248-52C169115098}"
EndProject
Project("{FAE04EC0-301F-11D3-BF4B-00C04F79EFBC}") = "Glavni program", "Glavni program\Glavni program.csproj", "{59D5EABD-E677-4B88-AC68-7CCED4DE059E}"
EndProject
Global
	GlobalSection(SolutionConfigurationPlatforms) = preSolution
		Debug|Any CPU = Debug|Any CPU
		Release|Any CPU = Release|Any CPU
	EndGlobalSection
	GlobalSection(ProjectConfigurationPlatforms) = postSolution
		{2D86CF5C-FF46-4402-9248-52C169115098}.Debug|Any CPU.ActiveCfg = Debug|Any CPU
		{2D86CF5C-FF46-4402-9248-52C169115098}.Debug|Any CPU.Build.0 = Debug|Any CPU
		{2D86CF5C-FF46-4402-9248-52C169115098}.Release|Any CPU.ActiveCfg = Release|Any CPU
		{2D86CF5C-FF46-4402-9248-52C169115098}.Release|Any CPU.Build.0 = Release|Any CPU
		{59D5EABD-E677-4B88-AC68-7CCED4DE059E}.Debug|Any CPU.ActiveCfg = Debug|Any CPU
		{59D5EABD-E677-4B88-AC68-7CCED4DE059E}.Debug|Any CPU.Build.0 = Debug|Any CPU
		{59D5EABD-E677-4B88-AC68-7CCED4DE059E}.Release|Any CPU.ActiveCfg = Release|Any CPU
		{59D5EABD-E677-4B88-AC68-7CCED4DE059E}.Release|Any CPU.Build.0 = Release|Any CPU
	EndGlobalSection
	GlobalSection(SolutionProperties) = preSolution
		HideSolutionNode = FALSE
	EndGlobalSection
	GlobalSection(ExtensibilityGlobals) = postSolution
		SolutionGuid = {6DE078FD-08E0-40AF-ADDF-13B982CC33C3}
	EndGlobalSection
EndGlobal
