
Microsoft Visual Studio Solution File, Format Version 12.00
# Visual Studio 15
VisualStudioVersion = 15.0.27004.2006
MinimumVisualStudioVersion = 10.0.40219.1
Project("{FAE04EC0-301F-11D3-BF4B-00C04F79EFBC}") = "TrojkPaNe", "4-vaje\TrojkPaNe.csproj", "{193E3B49-1DCC-4415-A364-551C5C8E0935}"
EndProject
Project("{FAE04EC0-301F-11D3-BF4B-00C04F79EFBC}") = "Album", "Album\Album.csproj", "{15C4044F-985B-4FAB-BABE-EC1DE7CCC0A5}"
EndProject
Project("{FAE04EC0-301F-11D3-BF4B-00C04F79EFBC}") = "Datoteke", "ConsoleApp1\Datoteke.csproj", "{459B0ACD-3ADA-4A65-BA23-3449FB0D6479}"
EndProject
Project("{FAE04EC0-301F-11D3-BF4B-00C04F79EFBC}") = "Knjiznica", "C:\Users\Jakob\Desktop\Vaje27.10\Knjiznica\Knjiznica\Knjiznica.csproj", "{3DBBA93E-6C40-4202-8898-C219081C5497}"
EndProject
Project("{FAE04EC0-301F-11D3-BF4B-00C04F79EFBC}") = "Hackerrank", "Hackerrank\Hackerrank\Hackerrank.csproj", "{186AA3D2-B625-459F-920A-93759C2B9EE1}"
EndProject
Project("{FAE04EC0-301F-11D3-BF4B-00C04F79EFBC}") = "Urejanje", "Urejanje\Urejanje\Urejanje.csproj", "{0D5D6D20-DC8C-4760-813B-F64AA0570E2B}"
EndProject
Project("{FAE04EC0-301F-11D3-BF4B-00C04F79EFBC}") = "ZamenjavaElementov", "ZamenjavaElementov\ZamenjavaElementov\ZamenjavaElementov.csproj", "{A24A2D94-B1BB-480E-9C45-9D646E46ED33}"
EndProject
Global
	GlobalSection(SolutionConfigurationPlatforms) = preSolution
		Debug|Any CPU = Debug|Any CPU
		Release|Any CPU = Release|Any CPU
	EndGlobalSection
	GlobalSection(ProjectConfigurationPlatforms) = postSolution
		{193E3B49-1DCC-4415-A364-551C5C8E0935}.Debug|Any CPU.ActiveCfg = Debug|Any CPU
		{193E3B49-1DCC-4415-A364-551C5C8E0935}.Debug|Any CPU.Build.0 = Debug|Any CPU
		{193E3B49-1DCC-4415-A364-551C5C8E0935}.Release|Any CPU.ActiveCfg = Release|Any CPU
		{193E3B49-1DCC-4415-A364-551C5C8E0935}.Release|Any CPU.Build.0 = Release|Any CPU
		{15C4044F-985B-4FAB-BABE-EC1DE7CCC0A5}.Debug|Any CPU.ActiveCfg = Debug|Any CPU
		{15C4044F-985B-4FAB-BABE-EC1DE7CCC0A5}.Debug|Any CPU.Build.0 = Debug|Any CPU
		{15C4044F-985B-4FAB-BABE-EC1DE7CCC0A5}.Release|Any CPU.ActiveCfg = Release|Any CPU
		{15C4044F-985B-4FAB-BABE-EC1DE7CCC0A5}.Release|Any CPU.Build.0 = Release|Any CPU
		{459B0ACD-3ADA-4A65-BA23-3449FB0D6479}.Debug|Any CPU.ActiveCfg = Debug|Any CPU
		{459B0ACD-3ADA-4A65-BA23-3449FB0D6479}.Debug|Any CPU.Build.0 = Debug|Any CPU
		{459B0ACD-3ADA-4A65-BA23-3449FB0D6479}.Release|Any CPU.ActiveCfg = Release|Any CPU
		{459B0ACD-3ADA-4A65-BA23-3449FB0D6479}.Release|Any CPU.Build.0 = Release|Any CPU
		{3DBBA93E-6C40-4202-8898-C219081C5497}.Debug|Any CPU.ActiveCfg = Debug|Any CPU
		{3DBBA93E-6C40-4202-8898-C219081C5497}.Debug|Any CPU.Build.0 = Debug|Any CPU
		{3DBBA93E-6C40-4202-8898-C219081C5497}.Release|Any CPU.ActiveCfg = Release|Any CPU
		{3DBBA93E-6C40-4202-8898-C219081C5497}.Release|Any CPU.Build.0 = Release|Any CPU
		{186AA3D2-B625-459F-920A-93759C2B9EE1}.Debug|Any CPU.ActiveCfg = Debug|Any CPU
		{186AA3D2-B625-459F-920A-93759C2B9EE1}.Debug|Any CPU.Build.0 = Debug|Any CPU
		{186AA3D2-B625-459F-920A-93759C2B9EE1}.Release|Any CPU.ActiveCfg = Release|Any CPU
		{186AA3D2-B625-459F-920A-93759C2B9EE1}.Release|Any CPU.Build.0 = Release|Any CPU
		{0D5D6D20-DC8C-4760-813B-F64AA0570E2B}.Debug|Any CPU.ActiveCfg = Debug|Any CPU
		{0D5D6D20-DC8C-4760-813B-F64AA0570E2B}.Debug|Any CPU.Build.0 = Debug|Any CPU
		{0D5D6D20-DC8C-4760-813B-F64AA0570E2B}.Release|Any CPU.ActiveCfg = Release|Any CPU
		{0D5D6D20-DC8C-4760-813B-F64AA0570E2B}.Release|Any CPU.Build.0 = Release|Any CPU
		{A24A2D94-B1BB-480E-9C45-9D646E46ED33}.Debug|Any CPU.ActiveCfg = Debug|Any CPU
		{A24A2D94-B1BB-480E-9C45-9D646E46ED33}.Debug|Any CPU.Build.0 = Debug|Any CPU
		{A24A2D94-B1BB-480E-9C45-9D646E46ED33}.Release|Any CPU.ActiveCfg = Release|Any CPU
		{A24A2D94-B1BB-480E-9C45-9D646E46ED33}.Release|Any CPU.Build.0 = Release|Any CPU
	EndGlobalSection
	GlobalSection(SolutionProperties) = preSolution
		HideSolutionNode = FALSE
	EndGlobalSection
	GlobalSection(ExtensibilityGlobals) = postSolution
		SolutionGuid = {390618E7-6D2E-44A8-A1B7-AEEBDD882C40}
	EndGlobalSection
EndGlobal
