
Microsoft Visual Studio Solution File, Format Version 12.00
# Visual Studio 15
VisualStudioVersion = 15.0.26730.16
MinimumVisualStudioVersion = 10.0.40219.1
Project("{FAE04EC0-301F-11D3-BF4B-00C04F79EFBC}") = "Ugibanje", "Ugibanje\Ugibanje.csproj", "{D584C234-6B01-417C-85E4-74CFAA74B3C4}"
EndProject
Global
	GlobalSection(SolutionConfigurationPlatforms) = preSolution
		Debug|Any CPU = Debug|Any CPU
		Release|Any CPU = Release|Any CPU
	EndGlobalSection
	GlobalSection(ProjectConfigurationPlatforms) = postSolution
		{D584C234-6B01-417C-85E4-74CFAA74B3C4}.Debug|Any CPU.ActiveCfg = Debug|Any CPU
		{D584C234-6B01-417C-85E4-74CFAA74B3C4}.Debug|Any CPU.Build.0 = Debug|Any CPU
		{D584C234-6B01-417C-85E4-74CFAA74B3C4}.Release|Any CPU.ActiveCfg = Release|Any CPU
		{D584C234-6B01-417C-85E4-74CFAA74B3C4}.Release|Any CPU.Build.0 = Release|Any CPU
	EndGlobalSection
	GlobalSection(SolutionProperties) = preSolution
		HideSolutionNode = FALSE
	EndGlobalSection
	GlobalSection(ExtensibilityGlobals) = postSolution
		SolutionGuid = {A9708594-5703-4F5B-862C-A723876FA41A}
	EndGlobalSection
EndGlobal
