
Microsoft Visual Studio Solution File, Format Version 12.00
# Visual Studio 15
VisualStudioVersion = 15.0.26730.16
MinimumVisualStudioVersion = 10.0.40219.1
Project("{FAE04EC0-301F-11D3-BF4B-00C04F79EFBC}") = "Izjeme", "5-vaja\Izjeme.csproj", "{E733FD59-6600-40FB-84BC-807D468F4189}"
EndProject
Project("{FAE04EC0-301F-11D3-BF4B-00C04F79EFBC}") = "Datoteke", "Datoteke\Datoteke.csproj", "{25425517-C0AE-4568-8FF2-E40CD29B85D6}"
EndProject
Project("{FAE04EC0-301F-11D3-BF4B-00C04F79EFBC}") = "Finance", "Finance\Finance.csproj", "{A099B832-16C5-44AE-84E8-EAF446ECBBDC}"
EndProject
Global
	GlobalSection(SolutionConfigurationPlatforms) = preSolution
		Debug|Any CPU = Debug|Any CPU
		Release|Any CPU = Release|Any CPU
	EndGlobalSection
	GlobalSection(ProjectConfigurationPlatforms) = postSolution
		{E733FD59-6600-40FB-84BC-807D468F4189}.Debug|Any CPU.ActiveCfg = Debug|Any CPU
		{E733FD59-6600-40FB-84BC-807D468F4189}.Debug|Any CPU.Build.0 = Debug|Any CPU
		{E733FD59-6600-40FB-84BC-807D468F4189}.Release|Any CPU.ActiveCfg = Release|Any CPU
		{E733FD59-6600-40FB-84BC-807D468F4189}.Release|Any CPU.Build.0 = Release|Any CPU
		{25425517-C0AE-4568-8FF2-E40CD29B85D6}.Debug|Any CPU.ActiveCfg = Debug|Any CPU
		{25425517-C0AE-4568-8FF2-E40CD29B85D6}.Debug|Any CPU.Build.0 = Debug|Any CPU
		{25425517-C0AE-4568-8FF2-E40CD29B85D6}.Release|Any CPU.ActiveCfg = Release|Any CPU
		{25425517-C0AE-4568-8FF2-E40CD29B85D6}.Release|Any CPU.Build.0 = Release|Any CPU
		{A099B832-16C5-44AE-84E8-EAF446ECBBDC}.Debug|Any CPU.ActiveCfg = Debug|Any CPU
		{A099B832-16C5-44AE-84E8-EAF446ECBBDC}.Debug|Any CPU.Build.0 = Debug|Any CPU
		{A099B832-16C5-44AE-84E8-EAF446ECBBDC}.Release|Any CPU.ActiveCfg = Release|Any CPU
		{A099B832-16C5-44AE-84E8-EAF446ECBBDC}.Release|Any CPU.Build.0 = Release|Any CPU
	EndGlobalSection
	GlobalSection(SolutionProperties) = preSolution
		HideSolutionNode = FALSE
	EndGlobalSection
	GlobalSection(ExtensibilityGlobals) = postSolution
		SolutionGuid = {489B9EAA-CDCF-4B9C-BBBF-A8DCBCD60594}
	EndGlobalSection
EndGlobal
