
Microsoft Visual Studio Solution File, Format Version 12.00
# Visual Studio 15
VisualStudioVersion = 15.0.26730.16
MinimumVisualStudioVersion = 10.0.40219.1
Project("{FAE04EC0-301F-11D3-BF4B-00C04F79EFBC}") = "Ugibanje", "Ugibanje\Ugibanje.csproj", "{BEE2A4F2-FEAC-4A83-8E87-2491C4D427A8}"
EndProject
Global
	GlobalSection(SolutionConfigurationPlatforms) = preSolution
		Debug|Any CPU = Debug|Any CPU
		Release|Any CPU = Release|Any CPU
	EndGlobalSection
	GlobalSection(ProjectConfigurationPlatforms) = postSolution
		{BEE2A4F2-FEAC-4A83-8E87-2491C4D427A8}.Debug|Any CPU.ActiveCfg = Debug|Any CPU
		{BEE2A4F2-FEAC-4A83-8E87-2491C4D427A8}.Debug|Any CPU.Build.0 = Debug|Any CPU
		{BEE2A4F2-FEAC-4A83-8E87-2491C4D427A8}.Release|Any CPU.ActiveCfg = Release|Any CPU
		{BEE2A4F2-FEAC-4A83-8E87-2491C4D427A8}.Release|Any CPU.Build.0 = Release|Any CPU
	EndGlobalSection
	GlobalSection(SolutionProperties) = preSolution
		HideSolutionNode = FALSE
	EndGlobalSection
	GlobalSection(ExtensibilityGlobals) = postSolution
		SolutionGuid = {64A21621-ED71-4DEA-8DA7-7BC31CA5026F}
	EndGlobalSection
EndGlobal
