
Microsoft Visual Studio Solution File, Format Version 12.00
# Visual Studio 15
VisualStudioVersion = 15.0.27004.2006
MinimumVisualStudioVersion = 10.0.40219.1
Project("{FAE04EC0-301F-11D3-BF4B-00C04F79EFBC}") = "AbstraktniRazred", "AbstraktniRazred\AbstraktniRazred.csproj", "{FFB4FB05-3321-4F8F-BD3C-117007256286}"
EndProject
Global
	GlobalSection(SolutionConfigurationPlatforms) = preSolution
		Debug|Any CPU = Debug|Any CPU
		Release|Any CPU = Release|Any CPU
	EndGlobalSection
	GlobalSection(ProjectConfigurationPlatforms) = postSolution
		{FFB4FB05-3321-4F8F-BD3C-117007256286}.Debug|Any CPU.ActiveCfg = Debug|Any CPU
		{FFB4FB05-3321-4F8F-BD3C-117007256286}.Debug|Any CPU.Build.0 = Debug|Any CPU
		{FFB4FB05-3321-4F8F-BD3C-117007256286}.Release|Any CPU.ActiveCfg = Release|Any CPU
		{FFB4FB05-3321-4F8F-BD3C-117007256286}.Release|Any CPU.Build.0 = Release|Any CPU
	EndGlobalSection
	GlobalSection(SolutionProperties) = preSolution
		HideSolutionNode = FALSE
	EndGlobalSection
	GlobalSection(ExtensibilityGlobals) = postSolution
		SolutionGuid = {5075B235-2014-4409-B05B-D5BC2C89C1F2}
	EndGlobalSection
EndGlobal
